// !$*UTF8*$!
{
	archiveVersion = 1;
	classes = {
	};
	objectVersion = 56;
	objects = {

/* Begin PBXBuildFile section */
		38B737912C481E3A00FD43C9 /* AppDelegate.swift in Sources */ = {isa = PBXBuildFile; fileRef = 38B737902C481E3A00FD43C9 /* AppDelegate.swift */; };
		38B737932C481E3A00FD43C9 /* SceneDelegate.swift in Sources */ = {isa = PBXBuildFile; fileRef = 38B737922C481E3A00FD43C9 /* SceneDelegate.swift */; };
		38B737952C481E3A00FD43C9 /* HomeViewController.swift in Sources */ = {isa = PBXBuildFile; fileRef = 38B737942C481E3A00FD43C9 /* HomeViewController.swift */; };
		38B7379A2C481E3C00FD43C9 /* Assets.xcassets in Resources */ = {isa = PBXBuildFile; fileRef = 38B737992C481E3C00FD43C9 /* Assets.xcassets */; };
		38B7379D2C481E3C00FD43C9 /* LaunchScreen.storyboard in Resources */ = {isa = PBXBuildFile; fileRef = 38B7379B2C481E3C00FD43C9 /* LaunchScreen.storyboard */; };
		38B737A52C48205200FD43C9 /* Constants.swift in Sources */ = {isa = PBXBuildFile; fileRef = 38B737A42C48205200FD43C9 /* Constants.swift */; };
		38B737A82C4820AB00FD43C9 /* NetworkManager.swift in Sources */ = {isa = PBXBuildFile; fileRef = 38B737A72C4820AB00FD43C9 /* NetworkManager.swift */; };
		38B737AC2C48272600FD43C9 /* Title.swift in Sources */ = {isa = PBXBuildFile; fileRef = 38B737AB2C48272600FD43C9 /* Title.swift */; };
		38B737B02C48294600FD43C9 /* CollectionViewTableViewCell.swift in Sources */ = {isa = PBXBuildFile; fileRef = 38B737AF2C48294600FD43C9 /* CollectionViewTableViewCell.swift */; };
		38B737B22C482BB600FD43C9 /* TitleCollectionViewCell.swift in Sources */ = {isa = PBXBuildFile; fileRef = 38B737B12C482BB600FD43C9 /* TitleCollectionViewCell.swift */; };
		38B737B42C48311400FD43C9 /* HomeViewModel.swift in Sources */ = {isa = PBXBuildFile; fileRef = 38B737B32C48311400FD43C9 /* HomeViewModel.swift */; };
		38B737B82C4851DC00FD43C9 /* UIImageView+Cache.swift in Sources */ = {isa = PBXBuildFile; fileRef = 38B737B72C4851DC00FD43C9 /* UIImageView+Cache.swift */; };
		38B737BA2C48B90300FD43C9 /* TitlePreview.swift in Sources */ = {isa = PBXBuildFile; fileRef = 38B737B92C48B90300FD43C9 /* TitlePreview.swift */; };
		38B737BF2C48B9CD00FD43C9 /* TitlePreviewViewController.swift in Sources */ = {isa = PBXBuildFile; fileRef = 38B737BE2C48B9CD00FD43C9 /* TitlePreviewViewController.swift */; };
		38B737C12C48C3A400FD43C9 /* TitlePreviewViewModel.swift in Sources */ = {isa = PBXBuildFile; fileRef = 38B737C02C48C3A400FD43C9 /* TitlePreviewViewModel.swift */; };
		38B737C32C48C49000FD43C9 /* YoutubeResponse.swift in Sources */ = {isa = PBXBuildFile; fileRef = 38B737C22C48C49000FD43C9 /* YoutubeResponse.swift */; };
		38B737C62C48E31800FD43C9 /* SearchViewController.swift in Sources */ = {isa = PBXBuildFile; fileRef = 38B737C52C48E31800FD43C9 /* SearchViewController.swift */; };
		38B737C82C48E35A00FD43C9 /* SearchResultViewController.swift in Sources */ = {isa = PBXBuildFile; fileRef = 38B737C72C48E35A00FD43C9 /* SearchResultViewController.swift */; };
		38B737CA2C48E7D200FD43C9 /* SearchViewModel.swift in Sources */ = {isa = PBXBuildFile; fileRef = 38B737C92C48E7D200FD43C9 /* SearchViewModel.swift */; };
		38B737CE2C48F33F00FD43C9 /* SearchResponse.swift in Sources */ = {isa = PBXBuildFile; fileRef = 38B737CD2C48F33F00FD43C9 /* SearchResponse.swift */; };
		38B737D02C497F8100FD43C9 /* CollectionParallaxTableViewCell.swift in Sources */ = {isa = PBXBuildFile; fileRef = 38B737CF2C497F8100FD43C9 /* CollectionParallaxTableViewCell.swift */; };
		38B737D22C4A58D200FD43C9 /* HeaderView.swift in Sources */ = {isa = PBXBuildFile; fileRef = 38B737D12C4A58D200FD43C9 /* HeaderView.swift */; };
		38B737D42C4A62D500FD43C9 /* TitleTableViewCell.swift in Sources */ = {isa = PBXBuildFile; fileRef = 38B737D32C4A62D500FD43C9 /* TitleTableViewCell.swift */; };
		38B737D72C4AB22900FD43C9 /* TitleDetailViewController.swift in Sources */ = {isa = PBXBuildFile; fileRef = 38B737D62C4AB22900FD43C9 /* TitleDetailViewController.swift */; };
		38B737D92C4AB23400FD43C9 /* TitleDetailViewModel.swift in Sources */ = {isa = PBXBuildFile; fileRef = 38B737D82C4AB23400FD43C9 /* TitleDetailViewModel.swift */; };
		38B737DB2C4AB34500FD43C9 /* TitleDetail.swift in Sources */ = {isa = PBXBuildFile; fileRef = 38B737DA2C4AB34500FD43C9 /* TitleDetail.swift */; };
		38B737E32C4ADE7500FD43C9 /* Poppins-Black.ttf in Resources */ = {isa = PBXBuildFile; fileRef = 38B737DD2C4ADE7500FD43C9 /* Poppins-Black.ttf */; };
		38B737E42C4ADE7500FD43C9 /* Poppins-Bold.ttf in Resources */ = {isa = PBXBuildFile; fileRef = 38B737DE2C4ADE7500FD43C9 /* Poppins-Bold.ttf */; };
		38B737E52C4ADE7500FD43C9 /* Poppins-Medium.ttf in Resources */ = {isa = PBXBuildFile; fileRef = 38B737DF2C4ADE7500FD43C9 /* Poppins-Medium.ttf */; };
		38B737E62C4ADE7500FD43C9 /* Poppins-SemiBold.ttf in Resources */ = {isa = PBXBuildFile; fileRef = 38B737E02C4ADE7500FD43C9 /* Poppins-SemiBold.ttf */; };
		38B737E72C4ADE7500FD43C9 /* Poppins-Regular.ttf in Resources */ = {isa = PBXBuildFile; fileRef = 38B737E12C4ADE7500FD43C9 /* Poppins-Regular.ttf */; };
		38B737E82C4ADE7500FD43C9 /* Poppins-Light.ttf in Resources */ = {isa = PBXBuildFile; fileRef = 38B737E22C4ADE7500FD43C9 /* Poppins-Light.ttf */; };
		38B737EA2C4ADF1F00FD43C9 /* FontUtils.swift in Sources */ = {isa = PBXBuildFile; fileRef = 38B737E92C4ADF1F00FD43C9 /* FontUtils.swift */; };
		38B737EC2C4AEBEE00FD43C9 /* UINavigationController+Ext.swift in Sources */ = {isa = PBXBuildFile; fileRef = 38B737EB2C4AEBEE00FD43C9 /* UINavigationController+Ext.swift */; };
/* End PBXBuildFile section */

/* Begin PBXFileReference section */
		38B7378D2C481E3A00FD43C9 /* MovieApp.app */ = {isa = PBXFileReference; explicitFileType = wrapper.application; includeInIndex = 0; path = MovieApp.app; sourceTree = BUILT_PRODUCTS_DIR; };
		38B737902C481E3A00FD43C9 /* AppDelegate.swift */ = {isa = PBXFileReference; lastKnownFileType = sourcecode.swift; path = AppDelegate.swift; sourceTree = "<group>"; };
		38B737922C481E3A00FD43C9 /* SceneDelegate.swift */ = {isa = PBXFileReference; lastKnownFileType = sourcecode.swift; path = SceneDelegate.swift; sourceTree = "<group>"; };
		38B737942C481E3A00FD43C9 /* HomeViewController.swift */ = {isa = PBXFileReference; lastKnownFileType = sourcecode.swift; path = HomeViewController.swift; sourceTree = "<group>"; };
		38B737992C481E3C00FD43C9 /* Assets.xcassets */ = {isa = PBXFileReference; lastKnownFileType = folder.assetcatalog; path = Assets.xcassets; sourceTree = "<group>"; };
		38B7379C2C481E3C00FD43C9 /* Base */ = {isa = PBXFileReference; lastKnownFileType = file.storyboard; name = Base; path = Base.lproj/LaunchScreen.storyboard; sourceTree = "<group>"; };
		38B7379E2C481E3C00FD43C9 /* Info.plist */ = {isa = PBXFileReference; lastKnownFileType = text.plist.xml; path = Info.plist; sourceTree = "<group>"; };
		38B737A42C48205200FD43C9 /* Constants.swift */ = {isa = PBXFileReference; lastKnownFileType = sourcecode.swift; path = Constants.swift; sourceTree = "<group>"; };
		38B737A72C4820AB00FD43C9 /* NetworkManager.swift */ = {isa = PBXFileReference; lastKnownFileType = sourcecode.swift; path = NetworkManager.swift; sourceTree = "<group>"; };
		38B737AB2C48272600FD43C9 /* Title.swift */ = {isa = PBXFileReference; lastKnownFileType = sourcecode.swift; path = Title.swift; sourceTree = "<group>"; };
		38B737AF2C48294600FD43C9 /* CollectionViewTableViewCell.swift */ = {isa = PBXFileReference; lastKnownFileType = sourcecode.swift; path = CollectionViewTableViewCell.swift; sourceTree = "<group>"; };
		38B737B12C482BB600FD43C9 /* TitleCollectionViewCell.swift */ = {isa = PBXFileReference; lastKnownFileType = sourcecode.swift; path = TitleCollectionViewCell.swift; sourceTree = "<group>"; };
		38B737B32C48311400FD43C9 /* HomeViewModel.swift */ = {isa = PBXFileReference; lastKnownFileType = sourcecode.swift; path = HomeViewModel.swift; sourceTree = "<group>"; };
		38B737B72C4851DC00FD43C9 /* UIImageView+Cache.swift */ = {isa = PBXFileReference; lastKnownFileType = sourcecode.swift; path = "UIImageView+Cache.swift"; sourceTree = "<group>"; };
		38B737B92C48B90300FD43C9 /* TitlePreview.swift */ = {isa = PBXFileReference; lastKnownFileType = sourcecode.swift; path = TitlePreview.swift; sourceTree = "<group>"; };
		38B737BE2C48B9CD00FD43C9 /* TitlePreviewViewController.swift */ = {isa = PBXFileReference; lastKnownFileType = sourcecode.swift; path = TitlePreviewViewController.swift; sourceTree = "<group>"; };
		38B737C02C48C3A400FD43C9 /* TitlePreviewViewModel.swift */ = {isa = PBXFileReference; lastKnownFileType = sourcecode.swift; path = TitlePreviewViewModel.swift; sourceTree = "<group>"; };
		38B737C22C48C49000FD43C9 /* YoutubeResponse.swift */ = {isa = PBXFileReference; lastKnownFileType = sourcecode.swift; path = YoutubeResponse.swift; sourceTree = "<group>"; };
		38B737C52C48E31800FD43C9 /* SearchViewController.swift */ = {isa = PBXFileReference; lastKnownFileType = sourcecode.swift; path = SearchViewController.swift; sourceTree = "<group>"; };
		38B737C72C48E35A00FD43C9 /* SearchResultViewController.swift */ = {isa = PBXFileReference; lastKnownFileType = sourcecode.swift; path = SearchResultViewController.swift; sourceTree = "<group>"; };
		38B737C92C48E7D200FD43C9 /* SearchViewModel.swift */ = {isa = PBXFileReference; lastKnownFileType = sourcecode.swift; path = SearchViewModel.swift; sourceTree = "<group>"; };
		38B737CD2C48F33F00FD43C9 /* SearchResponse.swift */ = {isa = PBXFileReference; lastKnownFileType = sourcecode.swift; path = SearchResponse.swift; sourceTree = "<group>"; };
		38B737CF2C497F8100FD43C9 /* CollectionParallaxTableViewCell.swift */ = {isa = PBXFileReference; lastKnownFileType = sourcecode.swift; path = CollectionParallaxTableViewCell.swift; sourceTree = "<group>"; };
		38B737D12C4A58D200FD43C9 /* HeaderView.swift */ = {isa = PBXFileReference; lastKnownFileType = sourcecode.swift; path = HeaderView.swift; sourceTree = "<group>"; };
		38B737D32C4A62D500FD43C9 /* TitleTableViewCell.swift */ = {isa = PBXFileReference; lastKnownFileType = sourcecode.swift; path = TitleTableViewCell.swift; sourceTree = "<group>"; };
		38B737D62C4AB22900FD43C9 /* TitleDetailViewController.swift */ = {isa = PBXFileReference; lastKnownFileType = sourcecode.swift; path = TitleDetailViewController.swift; sourceTree = "<group>"; };
		38B737D82C4AB23400FD43C9 /* TitleDetailViewModel.swift */ = {isa = PBXFileReference; lastKnownFileType = sourcecode.swift; path = TitleDetailViewModel.swift; sourceTree = "<group>"; };
		38B737DA2C4AB34500FD43C9 /* TitleDetail.swift */ = {isa = PBXFileReference; lastKnownFileType = sourcecode.swift; path = TitleDetail.swift; sourceTree = "<group>"; };
		38B737DD2C4ADE7500FD43C9 /* Poppins-Black.ttf */ = {isa = PBXFileReference; lastKnownFileType = file; path = "Poppins-Black.ttf"; sourceTree = "<group>"; };
		38B737DE2C4ADE7500FD43C9 /* Poppins-Bold.ttf */ = {isa = PBXFileReference; lastKnownFileType = file; path = "Poppins-Bold.ttf"; sourceTree = "<group>"; };
		38B737DF2C4ADE7500FD43C9 /* Poppins-Medium.ttf */ = {isa = PBXFileReference; lastKnownFileType = file; path = "Poppins-Medium.ttf"; sourceTree = "<group>"; };
		38B737E02C4ADE7500FD43C9 /* Poppins-SemiBold.ttf */ = {isa = PBXFileReference; lastKnownFileType = file; path = "Poppins-SemiBold.ttf"; sourceTree = "<group>"; };
		38B737E12C4ADE7500FD43C9 /* Poppins-Regular.ttf */ = {isa = PBXFileReference; lastKnownFileType = file; path = "Poppins-Regular.ttf"; sourceTree = "<group>"; };
		38B737E22C4ADE7500FD43C9 /* Poppins-Light.ttf */ = {isa = PBXFileReference; lastKnownFileType = file; path = "Poppins-Light.ttf"; sourceTree = "<group>"; };
		38B737E92C4ADF1F00FD43C9 /* FontUtils.swift */ = {isa = PBXFileReference; lastKnownFileType = sourcecode.swift; path = FontUtils.swift; sourceTree = "<group>"; };
		38B737EB2C4AEBEE00FD43C9 /* UINavigationController+Ext.swift */ = {isa = PBXFileReference; lastKnownFileType = sourcecode.swift; path = "UINavigationController+Ext.swift"; sourceTree = "<group>"; };
/* End PBXFileReference section */

/* Begin PBXFrameworksBuildPhase section */
		38B7378A2C481E3A00FD43C9 /* Frameworks */ = {
			isa = PBXFrameworksBuildPhase;
			buildActionMask = 2147483647;
			files = (
			);
			runOnlyForDeploymentPostprocessing = 0;
		};
/* End PBXFrameworksBuildPhase section */

/* Begin PBXGroup section */
		38B737842C481E3A00FD43C9 = {
			isa = PBXGroup;
			children = (
				38B7378F2C481E3A00FD43C9 /* MovieApp */,
				38B7378E2C481E3A00FD43C9 /* Products */,
				7F61B9AC7C6586F16EBFADD7 /* Pods */,
			);
			sourceTree = "<group>";
		};
		38B7378E2C481E3A00FD43C9 /* Products */ = {
			isa = PBXGroup;
			children = (
				38B7378D2C481E3A00FD43C9 /* MovieApp.app */,
			);
			name = Products;
			sourceTree = "<group>";
		};
		38B7378F2C481E3A00FD43C9 /* MovieApp */ = {
			isa = PBXGroup;
			children = (
				38B737DC2C4ADE6700FD43C9 /* Fonts */,
				38B737A92C48266C00FD43C9 /* Common */,
				38B737A62C4820A300FD43C9 /* Managers */,
				38B737AD2C48280D00FD43C9 /* Controllers */,
				38B737AA2C48271E00FD43C9 /* Models */,
				38B737AE2C48290900FD43C9 /* Views */,
				38B737902C481E3A00FD43C9 /* AppDelegate.swift */,
				38B737922C481E3A00FD43C9 /* SceneDelegate.swift */,
				38B737992C481E3C00FD43C9 /* Assets.xcassets */,
				38B7379B2C481E3C00FD43C9 /* LaunchScreen.storyboard */,
				38B7379E2C481E3C00FD43C9 /* Info.plist */,
			);
			path = MovieApp;
			sourceTree = "<group>";
		};
		38B737A62C4820A300FD43C9 /* Managers */ = {
			isa = PBXGroup;
			children = (
				38B737A72C4820AB00FD43C9 /* NetworkManager.swift */,
				38B737E92C4ADF1F00FD43C9 /* FontUtils.swift */,
			);
			path = Managers;
			sourceTree = "<group>";
		};
		38B737A92C48266C00FD43C9 /* Common */ = {
			isa = PBXGroup;
			children = (
				38B737A42C48205200FD43C9 /* Constants.swift */,
			);
			path = Common;
			sourceTree = "<group>";
		};
		38B737AA2C48271E00FD43C9 /* Models */ = {
			isa = PBXGroup;
			children = (
				38B737AB2C48272600FD43C9 /* Title.swift */,
				38B737B92C48B90300FD43C9 /* TitlePreview.swift */,
				38B737C22C48C49000FD43C9 /* YoutubeResponse.swift */,
				38B737CD2C48F33F00FD43C9 /* SearchResponse.swift */,
				38B737DA2C4AB34500FD43C9 /* TitleDetail.swift */,
			);
			path = Models;
			sourceTree = "<group>";
		};
		38B737AD2C48280D00FD43C9 /* Controllers */ = {
			isa = PBXGroup;
			children = (
				38B737D52C4AB21200FD43C9 /* Detail */,
				38B737BC2C48B97700FD43C9 /* Home */,
				38B737BD2C48B99200FD43C9 /* Preview */,
				38B737C42C48E30100FD43C9 /* Search */,
			);
			path = Controllers;
			sourceTree = "<group>";
		};
		38B737AE2C48290900FD43C9 /* Views */ = {
			isa = PBXGroup;
			children = (
				38B737AF2C48294600FD43C9 /* CollectionViewTableViewCell.swift */,
				38B737B12C482BB600FD43C9 /* TitleCollectionViewCell.swift */,
				38B737B72C4851DC00FD43C9 /* UIImageView+Cache.swift */,
				38B737CF2C497F8100FD43C9 /* CollectionParallaxTableViewCell.swift */,
				38B737D12C4A58D200FD43C9 /* HeaderView.swift */,
				38B737D32C4A62D500FD43C9 /* TitleTableViewCell.swift */,
				38B737EB2C4AEBEE00FD43C9 /* UINavigationController+Ext.swift */,
			);
			path = Views;
			sourceTree = "<group>";
		};
		38B737BC2C48B97700FD43C9 /* Home */ = {
			isa = PBXGroup;
			children = (
				38B737942C481E3A00FD43C9 /* HomeViewController.swift */,
				38B737B32C48311400FD43C9 /* HomeViewModel.swift */,
			);
			path = Home;
			sourceTree = "<group>";
		};
		38B737BD2C48B99200FD43C9 /* Preview */ = {
			isa = PBXGroup;
			children = (
				38B737BE2C48B9CD00FD43C9 /* TitlePreviewViewController.swift */,
				38B737C02C48C3A400FD43C9 /* TitlePreviewViewModel.swift */,
			);
			path = Preview;
			sourceTree = "<group>";
		};
		38B737C42C48E30100FD43C9 /* Search */ = {
			isa = PBXGroup;
			children = (
				38B737C52C48E31800FD43C9 /* SearchViewController.swift */,
				38B737C72C48E35A00FD43C9 /* SearchResultViewController.swift */,
				38B737C92C48E7D200FD43C9 /* SearchViewModel.swift */,
			);
			path = Search;
			sourceTree = "<group>";
		};
		38B737D52C4AB21200FD43C9 /* Detail */ = {
			isa = PBXGroup;
			children = (
				38B737D62C4AB22900FD43C9 /* TitleDetailViewController.swift */,
				38B737D82C4AB23400FD43C9 /* TitleDetailViewModel.swift */,
			);
			path = Detail;
			sourceTree = "<group>";
		};
		38B737DC2C4ADE6700FD43C9 /* Fonts */ = {
			isa = PBXGroup;
			children = (
				38B737DD2C4ADE7500FD43C9 /* Poppins-Black.ttf */,
				38B737DE2C4ADE7500FD43C9 /* Poppins-Bold.ttf */,
				38B737E22C4ADE7500FD43C9 /* Poppins-Light.ttf */,
				38B737DF2C4ADE7500FD43C9 /* Poppins-Medium.ttf */,
				38B737E12C4ADE7500FD43C9 /* Poppins-Regular.ttf */,
				38B737E02C4ADE7500FD43C9 /* Poppins-SemiBold.ttf */,
			);
			path = Fonts;
			sourceTree = "<group>";
		};
		7F61B9AC7C6586F16EBFADD7 /* Pods */ = {
			isa = PBXGroup;
			children = (
			);
			path = Pods;
			sourceTree = "<group>";
		};
/* End PBXGroup section */

/* Begin PBXNativeTarget section */
		38B7378C2C481E3A00FD43C9 /* MovieApp */ = {
			isa = PBXNativeTarget;
			buildConfigurationList = 38B737A12C481E3C00FD43C9 /* Build configuration list for PBXNativeTarget "MovieApp" */;
			buildPhases = (
				38B737892C481E3A00FD43C9 /* Sources */,
				38B7378A2C481E3A00FD43C9 /* Frameworks */,
				38B7378B2C481E3A00FD43C9 /* Resources */,
			);
			buildRules = (
			);
			dependencies = (
			);
			name = MovieApp;
			productName = MovieApp;
			productReference = 38B7378D2C481E3A00FD43C9 /* MovieApp.app */;
			productType = "com.apple.product-type.application";
		};
/* End PBXNativeTarget section */

/* Begin PBXProject section */
		38B737852C481E3A00FD43C9 /* Project object */ = {
			isa = PBXProject;
			attributes = {
				BuildIndependentTargetsInParallel = 1;
				LastSwiftUpdateCheck = 1520;
				LastUpgradeCheck = 1520;
				TargetAttributes = {
					38B7378C2C481E3A00FD43C9 = {
						CreatedOnToolsVersion = 15.2;
					};
				};
			};
			buildConfigurationList = 38B737882C481E3A00FD43C9 /* Build configuration list for PBXProject "MovieApp" */;
			compatibilityVersion = "Xcode 14.0";
			developmentRegion = en;
			hasScannedForEncodings = 0;
			knownRegions = (
				en,
				Base,
			);
			mainGroup = 38B737842C481E3A00FD43C9;
			productRefGroup = 38B7378E2C481E3A00FD43C9 /* Products */;
			projectDirPath = "";
			projectRoot = "";
			targets = (
				38B7378C2C481E3A00FD43C9 /* MovieApp */,
			);
		};
/* End PBXProject section */

/* Begin PBXResourcesBuildPhase section */
		38B7378B2C481E3A00FD43C9 /* Resources */ = {
			isa = PBXResourcesBuildPhase;
			buildActionMask = 2147483647;
			files = (
				38B737E32C4ADE7500FD43C9 /* Poppins-Black.ttf in Resources */,
				38B7379D2C481E3C00FD43C9 /* LaunchScreen.storyboard in Resources */,
				38B737E72C4ADE7500FD43C9 /* Poppins-Regular.ttf in Resources */,
				38B737E82C4ADE7500FD43C9 /* Poppins-Light.ttf in Resources */,
				38B7379A2C481E3C00FD43C9 /* Assets.xcassets in Resources */,
				38B737E62C4ADE7500FD43C9 /* Poppins-SemiBold.ttf in Resources */,
				38B737E42C4ADE7500FD43C9 /* Poppins-Bold.ttf in Resources */,
				38B737E52C4ADE7500FD43C9 /* Poppins-Medium.ttf in Resources */,
			);
			runOnlyForDeploymentPostprocessing = 0;
		};
/* End PBXResourcesBuildPhase section */

/* Begin PBXSourcesBuildPhase section */
		38B737892C481E3A00FD43C9 /* Sources */ = {
			isa = PBXSourcesBuildPhase;
			buildActionMask = 2147483647;
			files = (
				38B737C62C48E31800FD43C9 /* SearchViewController.swift in Sources */,
				38B737952C481E3A00FD43C9 /* HomeViewController.swift in Sources */,
				38B737B42C48311400FD43C9 /* HomeViewModel.swift in Sources */,
				38B737B22C482BB600FD43C9 /* TitleCollectionViewCell.swift in Sources */,
				38B737912C481E3A00FD43C9 /* AppDelegate.swift in Sources */,
				38B737A82C4820AB00FD43C9 /* NetworkManager.swift in Sources */,
				38B737EC2C4AEBEE00FD43C9 /* UINavigationController+Ext.swift in Sources */,
				38B737D72C4AB22900FD43C9 /* TitleDetailViewController.swift in Sources */,
				38B737B02C48294600FD43C9 /* CollectionViewTableViewCell.swift in Sources */,
				38B737D42C4A62D500FD43C9 /* TitleTableViewCell.swift in Sources */,
				38B737DB2C4AB34500FD43C9 /* TitleDetail.swift in Sources */,
				38B737D92C4AB23400FD43C9 /* TitleDetailViewModel.swift in Sources */,
				38B737932C481E3A00FD43C9 /* SceneDelegate.swift in Sources */,
				38B737CE2C48F33F00FD43C9 /* SearchResponse.swift in Sources */,
				38B737AC2C48272600FD43C9 /* Title.swift in Sources */,
				38B737C32C48C49000FD43C9 /* YoutubeResponse.swift in Sources */,
				38B737D22C4A58D200FD43C9 /* HeaderView.swift in Sources */,
				38B737BF2C48B9CD00FD43C9 /* TitlePreviewViewController.swift in Sources */,
				38B737EA2C4ADF1F00FD43C9 /* FontUtils.swift in Sources */,
				38B737A52C48205200FD43C9 /* Constants.swift in Sources */,
				38B737C12C48C3A400FD43C9 /* TitlePreviewViewModel.swift in Sources */,
				38B737BA2C48B90300FD43C9 /* TitlePreview.swift in Sources */,
				38B737CA2C48E7D200FD43C9 /* SearchViewModel.swift in Sources */,
				38B737C82C48E35A00FD43C9 /* SearchResultViewController.swift in Sources */,
				38B737D02C497F8100FD43C9 /* CollectionParallaxTableViewCell.swift in Sources */,
				38B737B82C4851DC00FD43C9 /* UIImageView+Cache.swift in Sources */,
			);
			runOnlyForDeploymentPostprocessing = 0;
		};
/* End PBXSourcesBuildPhase section */

/* Begin PBXVariantGroup section */
		38B7379B2C481E3C00FD43C9 /* LaunchScreen.storyboard */ = {
			isa = PBXVariantGroup;
			children = (
				38B7379C2C481E3C00FD43C9 /* Base */,
			);
			name = LaunchScreen.storyboard;
			sourceTree = "<group>";
		};
/* End PBXVariantGroup section */

/* Begin XCBuildConfiguration section */
		38B7379F2C481E3C00FD43C9 /* Debug */ = {
			isa = XCBuildConfiguration;
			buildSettings = {
				ALWAYS_SEARCH_USER_PATHS = NO;
				ASSETCATALOG_COMPILER_GENERATE_SWIFT_ASSET_SYMBOL_EXTENSIONS = YES;
				CLANG_ANALYZER_NONNULL = YES;
				CLANG_ANALYZER_NUMBER_OBJECT_CONVERSION = YES_AGGRESSIVE;
				CLANG_CXX_LANGUAGE_STANDARD = "gnu++20";
				CLANG_ENABLE_MODULES = YES;
				CLANG_ENABLE_OBJC_ARC = YES;
				CLANG_ENABLE_OBJC_WEAK = YES;
				CLANG_WARN_BLOCK_CAPTURE_AUTORELEASING = YES;
				CLANG_WARN_BOOL_CONVERSION = YES;
				CLANG_WARN_COMMA = YES;
				CLANG_WARN_CONSTANT_CONVERSION = YES;
				CLANG_WARN_DEPRECATED_OBJC_IMPLEMENTATIONS = YES;
				CLANG_WARN_DIRECT_OBJC_ISA_USAGE = YES_ERROR;
				CLANG_WARN_DOCUMENTATION_COMMENTS = YES;
				CLANG_WARN_EMPTY_BODY = YES;
				CLANG_WARN_ENUM_CONVERSION = YES;
				CLANG_WARN_INFINITE_RECURSION = YES;
				CLANG_WARN_INT_CONVERSION = YES;
				CLANG_WARN_NON_LITERAL_NULL_CONVERSION = YES;
				CLANG_WARN_OBJC_IMPLICIT_RETAIN_SELF = YES;
				CLANG_WARN_OBJC_LITERAL_CONVERSION = YES;
				CLANG_WARN_OBJC_ROOT_CLASS = YES_ERROR;
				CLANG_WARN_QUOTED_INCLUDE_IN_FRAMEWORK_HEADER = YES;
				CLANG_WARN_RANGE_LOOP_ANALYSIS = YES;
				CLANG_WARN_STRICT_PROTOTYPES = YES;
				CLANG_WARN_SUSPICIOUS_MOVE = YES;
				CLANG_WARN_UNGUARDED_AVAILABILITY = YES_AGGRESSIVE;
				CLANG_WARN_UNREACHABLE_CODE = YES;
				CLANG_WARN__DUPLICATE_METHOD_MATCH = YES;
				COPY_PHASE_STRIP = NO;
				DEBUG_INFORMATION_FORMAT = dwarf;
				ENABLE_STRICT_OBJC_MSGSEND = YES;
				ENABLE_TESTABILITY = YES;
				ENABLE_USER_SCRIPT_SANDBOXING = NO;
				GCC_C_LANGUAGE_STANDARD = gnu17;
				GCC_DYNAMIC_NO_PIC = NO;
				GCC_NO_COMMON_BLOCKS = YES;
				GCC_OPTIMIZATION_LEVEL = 0;
				GCC_PREPROCESSOR_DEFINITIONS = (
					"DEBUG=1",
					"$(inherited)",
				);
				GCC_WARN_64_TO_32_BIT_CONVERSION = YES;
				GCC_WARN_ABOUT_RETURN_TYPE = YES_ERROR;
				GCC_WARN_UNDECLARED_SELECTOR = YES;
				GCC_WARN_UNINITIALIZED_AUTOS = YES_AGGRESSIVE;
				GCC_WARN_UNUSED_FUNCTION = YES;
				GCC_WARN_UNUSED_VARIABLE = YES;
				IPHONEOS_DEPLOYMENT_TARGET = 17.2;
				LOCALIZATION_PREFERS_STRING_CATALOGS = YES;
				MTL_ENABLE_DEBUG_INFO = INCLUDE_SOURCE;
				MTL_FAST_MATH = YES;
				ONLY_ACTIVE_ARCH = YES;
				SDKROOT = iphoneos;
				SWIFT_ACTIVE_COMPILATION_CONDITIONS = "DEBUG $(inherited)";
				SWIFT_OPTIMIZATION_LEVEL = "-Onone";
			};
			name = Debug;
		};
		38B737A02C481E3C00FD43C9 /* Release */ = {
			isa = XCBuildConfiguration;
			buildSettings = {
				ALWAYS_SEARCH_USER_PATHS = NO;
				ASSETCATALOG_COMPILER_GENERATE_SWIFT_ASSET_SYMBOL_EXTENSIONS = YES;
				CLANG_ANALYZER_NONNULL = YES;
				CLANG_ANALYZER_NUMBER_OBJECT_CONVERSION = YES_AGGRESSIVE;
				CLANG_CXX_LANGUAGE_STANDARD = "gnu++20";
				CLANG_ENABLE_MODULES = YES;
				CLANG_ENABLE_OBJC_ARC = YES;
				CLANG_ENABLE_OBJC_WEAK = YES;
				CLANG_WARN_BLOCK_CAPTURE_AUTORELEASING = YES;
				CLANG_WARN_BOOL_CONVERSION = YES;
				CLANG_WARN_COMMA = YES;
				CLANG_WARN_CONSTANT_CONVERSION = YES;
				CLANG_WARN_DEPRECATED_OBJC_IMPLEMENTATIONS = YES;
				CLANG_WARN_DIRECT_OBJC_ISA_USAGE = YES_ERROR;
				CLANG_WARN_DOCUMENTATION_COMMENTS = YES;
				CLANG_WARN_EMPTY_BODY = YES;
				CLANG_WARN_ENUM_CONVERSION = YES;
				CLANG_WARN_INFINITE_RECURSION = YES;
				CLANG_WARN_INT_CONVERSION = YES;
				CLANG_WARN_NON_LITERAL_NULL_CONVERSION = YES;
				CLANG_WARN_OBJC_IMPLICIT_RETAIN_SELF = YES;
				CLANG_WARN_OBJC_LITERAL_CONVERSION = YES;
				CLANG_WARN_OBJC_ROOT_CLASS = YES_ERROR;
				CLANG_WARN_QUOTED_INCLUDE_IN_FRAMEWORK_HEADER = YES;
				CLANG_WARN_RANGE_LOOP_ANALYSIS = YES;
				CLANG_WARN_STRICT_PROTOTYPES = YES;
				CLANG_WARN_SUSPICIOUS_MOVE = YES;
				CLANG_WARN_UNGUARDED_AVAILABILITY = YES_AGGRESSIVE;
				CLANG_WARN_UNREACHABLE_CODE = YES;
				CLANG_WARN__DUPLICATE_METHOD_MATCH = YES;
				COPY_PHASE_STRIP = NO;
				DEBUG_INFORMATION_FORMAT = "dwarf-with-dsym";
				ENABLE_NS_ASSERTIONS = NO;
				ENABLE_STRICT_OBJC_MSGSEND = YES;
				ENABLE_USER_SCRIPT_SANDBOXING = NO;
				GCC_C_LANGUAGE_STANDARD = gnu17;
				GCC_NO_COMMON_BLOCKS = YES;
				GCC_WARN_64_TO_32_BIT_CONVERSION = YES;
				GCC_WARN_ABOUT_RETURN_TYPE = YES_ERROR;
				GCC_WARN_UNDECLARED_SELECTOR = YES;
				GCC_WARN_UNINITIALIZED_AUTOS = YES_AGGRESSIVE;
				GCC_WARN_UNUSED_FUNCTION = YES;
				GCC_WARN_UNUSED_VARIABLE = YES;
				IPHONEOS_DEPLOYMENT_TARGET = 17.2;
				LOCALIZATION_PREFERS_STRING_CATALOGS = YES;
				MTL_ENABLE_DEBUG_INFO = NO;
				MTL_FAST_MATH = YES;
				SDKROOT = iphoneos;
				SWIFT_COMPILATION_MODE = wholemodule;
				VALIDATE_PRODUCT = YES;
			};
			name = Release;
		};
		38B737A22C481E3C00FD43C9 /* Debug */ = {
			isa = XCBuildConfiguration;
			buildSettings = {
				ASSETCATALOG_COMPILER_APPICON_NAME = AppIcon;
				ASSETCATALOG_COMPILER_GLOBAL_ACCENT_COLOR_NAME = AccentColor;
				CODE_SIGN_STYLE = Automatic;
				CURRENT_PROJECT_VERSION = 1;
				DEVELOPMENT_TEAM = A2WQZ32XVK;
				GENERATE_INFOPLIST_FILE = YES;
				INFOPLIST_FILE = MovieApp/Info.plist;
				INFOPLIST_KEY_UIApplicationSupportsIndirectInputEvents = YES;
				INFOPLIST_KEY_UILaunchStoryboardName = LaunchScreen;
				INFOPLIST_KEY_UISupportedInterfaceOrientations_iPad = "UIInterfaceOrientationPortrait UIInterfaceOrientationPortraitUpsideDown UIInterfaceOrientationLandscapeLeft UIInterfaceOrientationLandscapeRight";
				INFOPLIST_KEY_UISupportedInterfaceOrientations_iPhone = "UIInterfaceOrientationPortrait UIInterfaceOrientationLandscapeLeft UIInterfaceOrientationLandscapeRight";
				IPHONEOS_DEPLOYMENT_TARGET = 15.4;
				LD_RUNPATH_SEARCH_PATHS = (
					"$(inherited)",
					"@executable_path/Frameworks",
				);
				MARKETING_VERSION = 1.0;
				PRODUCT_BUNDLE_IDENTIFIER = com.dimaswisodewo.MovieApp;
				PRODUCT_NAME = "$(TARGET_NAME)";
				SWIFT_EMIT_LOC_STRINGS = YES;
				SWIFT_VERSION = 5.0;
				TARGETED_DEVICE_FAMILY = "1,2";
			};
			name = Debug;
		};
		38B737A32C481E3C00FD43C9 /* Release */ = {
			isa = XCBuildConfiguration;
			buildSettings = {
				ASSETCATALOG_COMPILER_APPICON_NAME = AppIcon;
				ASSETCATALOG_COMPILER_GLOBAL_ACCENT_COLOR_NAME = AccentColor;
				CODE_SIGN_STYLE = Automatic;
				CURRENT_PROJECT_VERSION = 1;
				DEVELOPMENT_TEAM = A2WQZ32XVK;
				GENERATE_INFOPLIST_FILE = YES;
				INFOPLIST_FILE = MovieApp/Info.plist;
				INFOPLIST_KEY_UIApplicationSupportsIndirectInputEvents = YES;
				INFOPLIST_KEY_UILaunchStoryboardName = LaunchScreen;
				INFOPLIST_KEY_UISupportedInterfaceOrientations_iPad = "UIInterfaceOrientationPortrait UIInterfaceOrientationPortraitUpsideDown UIInterfaceOrientationLandscapeLeft UIInterfaceOrientationLandscapeRight";
				INFOPLIST_KEY_UISupportedInterfaceOrientations_iPhone = "UIInterfaceOrientationPortrait UIInterfaceOrientationLandscapeLeft UIInterfaceOrientationLandscapeRight";
				IPHONEOS_DEPLOYMENT_TARGET = 15.4;
				LD_RUNPATH_SEARCH_PATHS = (
					"$(inherited)",
					"@executable_path/Frameworks",
				);
				MARKETING_VERSION = 1.0;
				PRODUCT_BUNDLE_IDENTIFIER = com.dimaswisodewo.MovieApp;
				PRODUCT_NAME = "$(TARGET_NAME)";
				SWIFT_EMIT_LOC_STRINGS = YES;
				SWIFT_VERSION = 5.0;
				TARGETED_DEVICE_FAMILY = "1,2";
			};
			name = Release;
		};
/* End XCBuildConfiguration section */

/* Begin XCConfigurationList section */
		38B737882C481E3A00FD43C9 /* Build configuration list for PBXProject "MovieApp" */ = {
			isa = XCConfigurationList;
			buildConfigurations = (
				38B7379F2C481E3C00FD43C9 /* Debug */,
				38B737A02C481E3C00FD43C9 /* Release */,
			);
			defaultConfigurationIsVisible = 0;
			defaultConfigurationName = Release;
		};
		38B737A12C481E3C00FD43C9 /* Build configuration list for PBXNativeTarget "MovieApp" */ = {
			isa = XCConfigurationList;
			buildConfigurations = (
				38B737A22C481E3C00FD43C9 /* Debug */,
				38B737A32C481E3C00FD43C9 /* Release */,
			);
			defaultConfigurationIsVisible = 0;
			defaultConfigurationName = Release;
		};
/* End XCConfigurationList section */
	};
	rootObject = 38B737852C481E3A00FD43C9 /* Project object */;
}
